{
  "name": "win32-service",
  "version": "0.0.2",
  "lockfileVersion": 1,
  "requires": true,
  "dependencies": {
    "@types/node": {
      "version": "8.0.26",
      "resolved": "https://registry.npmjs.org/@types/node/-/node-8.0.26.tgz",
      "integrity": "sha512-wbKN0MB4XsjdnSE04HiCzLoBDirGCM6zXrqavSj44nZnPFYpnrTF64E9O6Xmf0ca/IuKK/BHUcXwMiwk92gW6Q==",
      "dev": true
    },
    "napi-thread-safe-callback": {
      "version": "0.0.2",
      "resolved": "https://registry.npmjs.org/napi-thread-safe-callback/-/napi-thread-safe-callback-0.0.2.tgz",
      "integrity": "sha512-fNkQOIuqYhQIM7cJUoYOTBHkHA1doJkFuAr/Xl9jrU4MrP99LYyblsybFyYS/BsRA4LiKQzP6/Z+KgJrZW2Tdg=="
    },
    "node-addon-api": {
      "version": "0.6.3",
      "resolved": "https://registry.npmjs.org/node-addon-api/-/node-addon-api-0.6.3.tgz",
      "integrity": "sha512-FikxTt0OaQ716zlsKKxZoRRyd0aAOJNRKK2ne4dS2R4FoEJXb7HyyxDTnYnLc22u0N2S2wiYuRm2gvehEdn4zQ=="
    },
    "typescript": {
      "version": "2.5.2",
      "resolved": "https://registry.npmjs.org/typescript/-/typescript-2.5.2.tgz",
      "integrity": "sha1-A4qV99m7tCCxvzW6MdTFwd0//jQ=",
      "dev": true
    }
  }
}
